<?xml version="1.0" encoding="utf-8"?>
<Project ToolsVersion="4.0" xmlns="http://schemas.microsoft.com/developer/msbuild/2003">
  <ItemGroup>
    <ClCompile Include="GuruxDLMS\GXDateTime.cpp">
      <Filter>Source Files</Filter>
    </ClCompile>
    <ClCompile Include="GuruxDLMS\GXDLMS.cpp">
      <Filter>Source Files</Filter>
    </ClCompile>
    <ClCompile Include="GuruxDLMS\GXDLMSClient.cpp">
      <Filter>Source Files</Filter>
    </ClCompile>
    <ClCompile Include="GuruxDLMS\GXDLMSLNSettings.cpp">
      <Filter>Source Files</Filter>
    </ClCompile>
    <ClCompile Include="GuruxDLMS\GXDLMSServerBase.cpp">
      <Filter>Source Files</Filter>
    </ClCompile>
    <ClCompile Include="GuruxDLMS\GXDLMSSNSettings.cpp">
      <Filter>Source Files</Filter>
    </ClCompile>
    <ClCompile Include="GuruxDLMS\GXOBISTemplate.cpp">
      <Filter>Source Files</Filter>
    </ClCompile>
    <ClCompile Include="GuruxDLMS\GXDLMSVariant.cpp">
      <Filter>Source Files</Filter>
    </ClCompile>
    <ClCompile Include="GuruxDLMS\GXStandardObisCodeCollection.cpp">
      <Filter>Source Files</Filter>
    </ClCompile>
    <ClCompile Include="GuruxDLMS\GXStandardObisCode.cpp">
      <Filter>Source Files</Filter>
    </ClCompile>
    <ClCompile Include="GuruxDLMS\GXDLMSObjectFactory.cpp">
      <Filter>Source Files</Filter>
    </ClCompile>
    <ClCompile Include="GuruxDLMS\Objects\GXDLMSActionItem.cpp">
      <Filter>Object Source Files</Filter>
    </ClCompile>
    <ClCompile Include="GuruxDLMS\Objects\GXDLMSActionSchedule.cpp">
      <Filter>Object Source Files</Filter>
    </ClCompile>
    <ClCompile Include="GuruxDLMS\Objects\GXDLMSActionSet.cpp">
      <Filter>Object Source Files</Filter>
    </ClCompile>
    <ClCompile Include="GuruxDLMS\Objects\GXDLMSActivityCalendar.cpp">
      <Filter>Object Source Files</Filter>
    </ClCompile>
    <ClCompile Include="GuruxDLMS\Objects\GXDLMSAssociationLogicalName.cpp">
      <Filter>Object Source Files</Filter>
    </ClCompile>
    <ClCompile Include="GuruxDLMS\Objects\GXDLMSAssociationShortName.cpp">
      <Filter>Object Source Files</Filter>
    </ClCompile>
    <ClCompile Include="GuruxDLMS\Objects\GXDLMSAutoAnswer.cpp">
      <Filter>Object Source Files</Filter>
    </ClCompile>
    <ClCompile Include="GuruxDLMS\Objects\GXDLMSAutoConnect.cpp">
      <Filter>Object Source Files</Filter>
    </ClCompile>
    <ClCompile Include="GuruxDLMS\Objects\GXDLMSCaptureObject.cpp">
      <Filter>Object Source Files</Filter>
    </ClCompile>
    <ClCompile Include="GuruxDLMS\Objects\GXDLMSData.cpp">
      <Filter>Object Source Files</Filter>
    </ClCompile>
    <ClCompile Include="GuruxDLMS\Objects\GXDLMSDayProfile.cpp">
      <Filter>Object Source Files</Filter>
    </ClCompile>
    <ClCompile Include="GuruxDLMS\Objects\GXDLMSDayProfileAction.cpp">
      <Filter>Object Source Files</Filter>
    </ClCompile>
    <ClCompile Include="GuruxDLMS\Objects\GXDLMSDemandRegister.cpp">
      <Filter>Object Source Files</Filter>
    </ClCompile>
    <ClCompile Include="GuruxDLMS\Objects\GXDLMSDisconnectControl.cpp">
      <Filter>Object Source Files</Filter>
    </ClCompile>
    <ClCompile Include="GuruxDLMS\Objects\GXDLMSEmergencyProfile.cpp">
      <Filter>Object Source Files</Filter>
    </ClCompile>
    <ClCompile Include="GuruxDLMS\Objects\GXDLMSExtendedRegister.cpp">
      <Filter>Object Source Files</Filter>
    </ClCompile>
    <ClCompile Include="GuruxDLMS\Objects\GXDLMSGPRSSetup.cpp">
      <Filter>Object Source Files</Filter>
    </ClCompile>
    <ClCompile Include="GuruxDLMS\Objects\GXDLMSHdlcSetup.cpp">
      <Filter>Object Source Files</Filter>
    </ClCompile>
    <ClCompile Include="GuruxDLMS\Objects\GXDLMSIECOpticalPortSetup.cpp">
      <Filter>Object Source Files</Filter>
    </ClCompile>
    <ClCompile Include="GuruxDLMS\Objects\GXDLMSImageActivateInfo.cpp">
      <Filter>Object Source Files</Filter>
    </ClCompile>
    <ClCompile Include="GuruxDLMS\Objects\GXDLMSImageTransfer.cpp">
      <Filter>Object Source Files</Filter>
    </ClCompile>
    <ClCompile Include="GuruxDLMS\Objects\GXDLMSIp4Setup.cpp">
      <Filter>Object Source Files</Filter>
    </ClCompile>
    <ClCompile Include="GuruxDLMS\Objects\GXDLMSIp4SetupIpOption.cpp">
      <Filter>Object Source Files</Filter>
    </ClCompile>
    <ClCompile Include="GuruxDLMS\Objects\GXDLMSLimiter.cpp">
      <Filter>Object Source Files</Filter>
    </ClCompile>
    <ClCompile Include="GuruxDLMS\Objects\GXDLMSMacAddressSetup.cpp">
      <Filter>Object Source Files</Filter>
    </ClCompile>
    <ClCompile Include="GuruxDLMS\Objects\GXDLMSMBusClient.cpp">
      <Filter>Object Source Files</Filter>
    </ClCompile>
    <ClCompile Include="GuruxDLMS\Objects\GXDLMSMBusSlavePortSetup.cpp">
      <Filter>Object Source Files</Filter>
    </ClCompile>
    <ClCompile Include="GuruxDLMS\Objects\GXDLMSModemConfiguration.cpp">
      <Filter>Object Source Files</Filter>
    </ClCompile>
    <ClCompile Include="GuruxDLMS\Objects\GXDLMSModemInitialisation.cpp">
      <Filter>Object Source Files</Filter>
    </ClCompile>
    <ClCompile Include="GuruxDLMS\Objects\GXDLMSMonitoredValue.cpp">
      <Filter>Object Source Files</Filter>
    </ClCompile>
    <ClCompile Include="GuruxDLMS\Objects\GXDLMSObjectCollection.cpp">
      <Filter>Object Source Files</Filter>
    </ClCompile>
    <ClCompile Include="GuruxDLMS\Objects\GXDLMSPppSetup.cpp">
      <Filter>Object Source Files</Filter>
    </ClCompile>
    <ClCompile Include="GuruxDLMS\Objects\GXDLMSPppSetupIPCPOption.cpp">
      <Filter>Object Source Files</Filter>
    </ClCompile>
    <ClCompile Include="GuruxDLMS\Objects\GXDLMSPppSetupLcpOption.cpp">
      <Filter>Object Source Files</Filter>
    </ClCompile>
    <ClCompile Include="GuruxDLMS\Objects\GXDLMSProfileGeneric.cpp">
      <Filter>Object Source Files</Filter>
    </ClCompile>
    <ClCompile Include="GuruxDLMS\Objects\GXDLMSQualityOfService.cpp">
      <Filter>Object Source Files</Filter>
    </ClCompile>
    <ClCompile Include="GuruxDLMS\Objects\GXDLMSRegister.cpp">
      <Filter>Object Source Files</Filter>
    </ClCompile>
    <ClCompile Include="GuruxDLMS\Objects\GXDLMSRegisterActivation.cpp">
      <Filter>Object Source Files</Filter>
    </ClCompile>
    <ClCompile Include="GuruxDLMS\Objects\GXDLMSRegisterMonitor.cpp">
      <Filter>Object Source Files</Filter>
    </ClCompile>
    <ClCompile Include="GuruxDLMS\Objects\GXDLMSSapAssignment.cpp">
      <Filter>Object Source Files</Filter>
    </ClCompile>
    <ClCompile Include="GuruxDLMS\Objects\GXDLMSSchedule.cpp">
      <Filter>Object Source Files</Filter>
    </ClCompile>
    <ClCompile Include="GuruxDLMS\Objects\GXDLMSScriptAction.cpp">
      <Filter>Object Source Files</Filter>
    </ClCompile>
    <ClCompile Include="GuruxDLMS\Objects\GXDLMSScriptTable.cpp">
      <Filter>Object Source Files</Filter>
    </ClCompile>
    <ClCompile Include="GuruxDLMS\Objects\GXDLMSSeasonProfile.cpp">
      <Filter>Object Source Files</Filter>
    </ClCompile>
    <ClCompile Include="GuruxDLMS\Objects\GXDLMSSecuritySetup.cpp">
      <Filter>Object Source Files</Filter>
    </ClCompile>
    <ClCompile Include="GuruxDLMS\Objects\GXDLMSSpecialDay.cpp">
      <Filter>Object Source Files</Filter>
    </ClCompile>
    <ClCompile Include="GuruxDLMS\Objects\GXDLMSSpecialDaysTable.cpp">
      <Filter>Object Source Files</Filter>
    </ClCompile>
    <ClCompile Include="GuruxDLMS\Objects\GXDLMSTcpUdpSetup.cpp">
      <Filter>Object Source Files</Filter>
    </ClCompile>
    <ClCompile Include="GuruxDLMS\Objects\GXDLMSWeekProfile.cpp">
      <Filter>Object Source Files</Filter>
    </ClCompile>
    <ClCompile Include="GuruxDLMS\GXDLMSConverter.cpp">
      <Filter>Source Files</Filter>
    </ClCompile>
    <ClCompile Include="GuruxDLMS\Objects\GXApplicationContextName.cpp">
      <Filter>Object Source Files</Filter>
    </ClCompile>
    <ClCompile Include="GuruxDLMS\Objects\GXAuthenticationMechanismName.cpp">
      <Filter>Object Source Files</Filter>
    </ClCompile>
    <ClCompile Include="GuruxDLMS\Objects\GXDLMSMBusMasterPortSetup.cpp">
      <Filter>Object Source Files</Filter>
    </ClCompile>
    <ClCompile Include="GuruxDLMS\Objects\GXDLMSMessageHandler.cpp">
      <Filter>Object Source Files</Filter>
    </ClCompile>
    <ClCompile Include="GuruxDLMS\Objects\GXDLMSObjectDefinition.cpp">
      <Filter>Object Source Files</Filter>
    </ClCompile>
    <ClCompile Include="GuruxDLMS\Objects\GXDLMSPushObject.cpp">
      <Filter>Object Source Files</Filter>
    </ClCompile>
    <ClCompile Include="GuruxDLMS\Objects\GXDLMSPushSetup.cpp">
      <Filter>Object Source Files</Filter>
    </ClCompile>
    <ClCompile Include="GuruxDLMS\Objects\GXSendDestinationAndMethod.cpp">
      <Filter>Object Source Files</Filter>
    </ClCompile>
    <ClCompile Include="GuruxDLMS\Objects\GXxDLMSContextType.cpp">
      <Filter>Object Source Files</Filter>
    </ClCompile>
    <ClCompile Include="GuruxDLMS\GXDLMSLimits.cpp">
      <Filter>Source Files</Filter>
    </ClCompile>
    <ClCompile Include="GuruxDLMS\Objects\GXDLMSClock.cpp">
      <Filter>Object Source Files</Filter>
    </ClCompile>
    <ClCompile Include="GuruxDLMS\Objects\GXDLMSObject.cpp">
      <Filter>Object Source Files</Filter>
    </ClCompile>
    <ClCompile Include="GuruxDLMS\Objects\GXDLMSScheduleEntry.cpp">
      <Filter>Object Source Files</Filter>
    </ClCompile>
  </ItemGroup>
  <ItemGroup>
    <ClInclude Include="GuruxDLMS\ManufacturerSettings\GXAttributeCollection.h">
      <Filter>ManufacturerSettings</Filter>
    </ClInclude>
    <ClInclude Include="GuruxDLMS\ManufacturerSettings\GXDLMSAttribute.h">
      <Filter>ManufacturerSettings</Filter>
    </ClInclude>
    <ClInclude Include="GuruxDLMS\Enums.h">
      <Filter>Header Files</Filter>
    </ClInclude>
    <ClInclude Include="GuruxDLMS\ErrorCodes.h">
      <Filter>Header Files</Filter>
    </ClInclude>
    <ClInclude Include="GuruxDLMS\GXAPDU.h">
      <Filter>Header Files</Filter>
    </ClInclude>
    <ClInclude Include="GuruxDLMS\GXApplicationContextName.h">
      <Filter>Header Files</Filter>
    </ClInclude>
    <ClInclude Include="GuruxDLMS\GXAuthentication.h">
      <Filter>Header Files</Filter>
    </ClInclude>
    <ClInclude Include="GuruxDLMS\GXDateTime.h">
      <Filter>Header Files</Filter>
    </ClInclude>
    <ClInclude Include="GuruxDLMS\GXDLMS.h">
      <Filter>Header Files</Filter>
    </ClInclude>
    <ClInclude Include="GuruxDLMS\GXDLMSClient.h">
      <Filter>Header Files</Filter>
    </ClInclude>
    <ClInclude Include="GuruxDLMS\GXDLMSLimits.h">
      <Filter>Header Files</Filter>
    </ClInclude>
    <ClInclude Include="GuruxDLMS\GXDLMSLNSettings.h">
      <Filter>Header Files</Filter>
    </ClInclude>
    <ClInclude Include="GuruxDLMS\GXDLMSServerBase.h">
      <Filter>Header Files</Filter>
    </ClInclude>
    <ClInclude Include="GuruxDLMS\GXDLMSVariant.h">
      <Filter>Header Files</Filter>
    </ClInclude>
    <ClInclude Include="GuruxDLMS\GXHelpers.h">
      <Filter>Header Files</Filter>
    </ClInclude>
    <ClInclude Include="GuruxDLMS\GXOBISTemplate.h">
      <Filter>Header Files</Filter>
    </ClInclude>
    <ClInclude Include="GuruxDLMS\GXStandardObisCode.h">
      <Filter>Header Files</Filter>
    </ClInclude>
    <ClInclude Include="GuruxDLMS\GXStandardObisCodeCollection.h">
      <Filter>Header Files</Filter>
    </ClInclude>
    <ClInclude Include="GuruxDLMS\GXUserInformation.h">
      <Filter>Header Files</Filter>
    </ClInclude>
    <ClInclude Include="GuruxDLMS\Objects\GXDLMSActionItem.h">
      <Filter>Object Header Files</Filter>
    </ClInclude>
    <ClInclude Include="GuruxDLMS\Objects\GXDLMSActionSet.h">
      <Filter>Object Header Files</Filter>
    </ClInclude>
    <ClInclude Include="GuruxDLMS\Objects\GXDLMSDayProfile.h">
      <Filter>Object Header Files</Filter>
    </ClInclude>
    <ClInclude Include="GuruxDLMS\Objects\GXDLMSDayProfileAction.h">
      <Filter>Object Header Files</Filter>
    </ClInclude>
    <ClInclude Include="GuruxDLMS\Objects\GXDLMSModemInitialisation.h">
      <Filter>Object Header Files</Filter>
    </ClInclude>
    <ClInclude Include="GuruxDLMS\Objects\GXDLMSSeasonProfile.h">
      <Filter>Object Header Files</Filter>
    </ClInclude>
    <ClInclude Include="GuruxDLMS\Objects\GXDLMSWeekProfile.h">
      <Filter>Object Header Files</Filter>
    </ClInclude>
    <ClInclude Include="GuruxDLMS\Objects\IGXDLMSBase.h">
      <Filter>Object Header Files</Filter>
    </ClInclude>
    <ClInclude Include="GuruxDLMS\Objects\GXDLMSQualityOfService.h">
      <Filter>Object Header Files</Filter>
    </ClInclude>
    <ClInclude Include="GuruxDLMS\Objects\GXDLMSCaptureObject.h">
      <Filter>Object Header Files</Filter>
    </ClInclude>
    <ClInclude Include="GuruxDLMS\Objects\GXDLMSSapAssignment.h">
      <Filter>Object Header Files</Filter>
    </ClInclude>
    <ClInclude Include="GuruxDLMS\Objects\GXDLMSGPRSSetup.h">
      <Filter>Object Header Files</Filter>
    </ClInclude>
    <ClInclude Include="GuruxDLMS\Objects\GXDLMSMonitoredValue.h">
      <Filter>Object Header Files</Filter>
    </ClInclude>
    <ClInclude Include="GuruxDLMS\Objects\GXDLMSObjectCollection.h">
      <Filter>Object Header Files</Filter>
    </ClInclude>
    <ClInclude Include="GuruxDLMS\Objects\GXDLMSData.h">
      <Filter>Object Header Files</Filter>
    </ClInclude>
    <ClInclude Include="GuruxDLMS\Objects\GXDLMSActivityCalendar.h">
      <Filter>Object Header Files</Filter>
    </ClInclude>
    <ClInclude Include="GuruxDLMS\Objects\GXDLMSSpecialDay.h">
      <Filter>Object Header Files</Filter>
    </ClInclude>
    <ClInclude Include="GuruxDLMS\Objects\GXDLMSSpecialDaysTable.h">
      <Filter>Object Header Files</Filter>
    </ClInclude>
    <ClInclude Include="GuruxDLMS\Objects\GXDLMSAutoAnswer.h">
      <Filter>Object Header Files</Filter>
    </ClInclude>
    <ClInclude Include="GuruxDLMS\Objects\GXDLMSActionSchedule.h">
      <Filter>Object Header Files</Filter>
    </ClInclude>
    <ClInclude Include="GuruxDLMS\Objects\GXDLMSImageActivateInfo.h">
      <Filter>Object Header Files</Filter>
    </ClInclude>
    <ClInclude Include="GuruxDLMS\Objects\GXDLMSImageTransfer.h">
      <Filter>Object Header Files</Filter>
    </ClInclude>
    <ClInclude Include="GuruxDLMS\Objects\GXDLMSDisconnectControl.h">
      <Filter>Object Header Files</Filter>
    </ClInclude>
    <ClInclude Include="GuruxDLMS\Objects\GXDLMSEmergencyProfile.h">
      <Filter>Object Header Files</Filter>
    </ClInclude>
    <ClInclude Include="GuruxDLMS\Objects\GXDLMSLimiter.h">
      <Filter>Object Header Files</Filter>
    </ClInclude>
    <ClInclude Include="GuruxDLMS\Objects\GXDLMSMBusClient.h">
      <Filter>Object Header Files</Filter>
    </ClInclude>
    <ClInclude Include="GuruxDLMS\Objects\GXDLMSMBusSlavePortSetup.h">
      <Filter>Object Header Files</Filter>
    </ClInclude>
    <ClInclude Include="GuruxDLMS\Objects\GXDLMSExtendedRegister.h">
      <Filter>Object Header Files</Filter>
    </ClInclude>
    <ClInclude Include="GuruxDLMS\Objects\GXDLMSSecuritySetup.h">
      <Filter>Object Header Files</Filter>
    </ClInclude>
    <ClInclude Include="GuruxDLMS\Objects\GXDLMSScriptTable.h">
      <Filter>Object Header Files</Filter>
    </ClInclude>
    <ClInclude Include="GuruxDLMS\Objects\GXDLMSRegisterActivation.h">
      <Filter>Object Header Files</Filter>
    </ClInclude>
    <ClInclude Include="GuruxDLMS\Objects\GXDLMSIp4SetupIpOption.h">
      <Filter>Object Header Files</Filter>
    </ClInclude>
    <ClInclude Include="GuruxDLMS\Objects\GXDLMSIp4Setup.h">
      <Filter>Object Header Files</Filter>
    </ClInclude>
    <ClInclude Include="GuruxDLMS\Objects\GXDLMSHdlcSetup.h">
      <Filter>Object Header Files</Filter>
    </ClInclude>
    <ClInclude Include="GuruxDLMS\Objects\GXDLMSPppSetup.h">
      <Filter>Object Header Files</Filter>
    </ClInclude>
    <ClInclude Include="GuruxDLMS\Objects\GXDLMSSchedule.h">
      <Filter>Object Header Files</Filter>
    </ClInclude>
    <ClInclude Include="GuruxDLMS\Objects\GXDLMSRegister.h">
      <Filter>Object Header Files</Filter>
    </ClInclude>
    <ClInclude Include="GuruxDLMS\Objects\GXDLMSIECOpticalPortSetup.h">
      <Filter>Object Header Files</Filter>
    </ClInclude>
    <ClInclude Include="GuruxDLMS\Objects\GXDLMSAssociationLogicalName.h">
      <Filter>Object Header Files</Filter>
    </ClInclude>
    <ClInclude Include="GuruxDLMS\Objects\GXDLMSAssociationShortName.h">
      <Filter>Object Header Files</Filter>
    </ClInclude>
    <ClInclude Include="GuruxDLMS\Objects\GXDLMSDemandRegister.h">
      <Filter>Object Header Files</Filter>
    </ClInclude>
    <ClInclude Include="GuruxDLMS\Objects\GXDLMSRegisterMonitor.h">
      <Filter>Object Header Files</Filter>
    </ClInclude>
    <ClInclude Include="GuruxDLMS\Objects\GXDLMSClock.h">
      <Filter>Object Header Files</Filter>
    </ClInclude>
    <ClInclude Include="GuruxDLMS\Objects\GXDLMSModemConfiguration.h">
      <Filter>Object Header Files</Filter>
    </ClInclude>
    <ClInclude Include="GuruxDLMS\Objects\GXDLMSTcpUdpSetup.h">
      <Filter>Object Header Files</Filter>
    </ClInclude>
    <ClInclude Include="GuruxDLMS\Objects\GXDLMSAutoConnect.h">
      <Filter>Object Header Files</Filter>
    </ClInclude>
    <ClInclude Include="GuruxDLMS\Objects\GXDLMSMacAddressSetup.h">
      <Filter>Object Header Files</Filter>
    </ClInclude>
    <ClInclude Include="GuruxDLMS\Objects\GXDLMSObject.h">
      <Filter>Object Header Files</Filter>
    </ClInclude>
    <ClInclude Include="GuruxDLMS\Objects\GXDLMSProfileGeneric.h">
      <Filter>Object Header Files</Filter>
    </ClInclude>
    <ClInclude Include="GuruxDLMS\GXDLMSObjectFactory.h">
      <Filter>Header Files</Filter>
    </ClInclude>
    <ClInclude Include="GuruxDLMS\GXDLMSConverter.h">
      <Filter>Header Files</Filter>
    </ClInclude>
    <ClInclude Include="GuruxDLMS\Objects\GXApplicationContextName.h">
      <Filter>Object Header Files</Filter>
    </ClInclude>
    <ClInclude Include="GuruxDLMS\Objects\GXAuthenticationMechanismName.h">
      <Filter>Object Header Files</Filter>
    </ClInclude>
    <ClInclude Include="GuruxDLMS\Objects\GXDLMSMBusMasterPortSetup.h">
      <Filter>Object Header Files</Filter>
    </ClInclude>
    <ClInclude Include="GuruxDLMS\Objects\GXDLMSMessageHandler.h">
      <Filter>Object Header Files</Filter>
    </ClInclude>
    <ClInclude Include="GuruxDLMS\Objects\GXDLMSObjectDefinition.h">
      <Filter>Object Header Files</Filter>
    </ClInclude>
    <ClInclude Include="GuruxDLMS\Objects\GXDLMSPppSetupIPCPOption.h">
      <Filter>Object Header Files</Filter>
    </ClInclude>
    <ClInclude Include="GuruxDLMS\Objects\GXDLMSPppSetupLcpOption.h">
      <Filter>Object Header Files</Filter>
    </ClInclude>
    <ClInclude Include="GuruxDLMS\Objects\GXDLMSPushObject.h">
      <Filter>Object Header Files</Filter>
    </ClInclude>
    <ClInclude Include="GuruxDLMS\Objects\GXDLMSPushSetup.h">
      <Filter>Object Header Files</Filter>
    </ClInclude>
    <ClInclude Include="GuruxDLMS\Objects\GXDLMSScriptAction.h">
      <Filter>Object Header Files</Filter>
    </ClInclude>
    <ClInclude Include="GuruxDLMS\Objects\GXSendDestinationAndMethod.h">
      <Filter>Object Header Files</Filter>
    </ClInclude>
    <ClInclude Include="GuruxDLMS\Objects\GXxDLMSContextType.h">
      <Filter>Object Header Files</Filter>
    </ClInclude>
    <ClInclude Include="GuruxDLMS\Objects\GXDLMSScheduleEntry.h">
      <Filter>Object Header Files</Filter>
    </ClInclude>
  </ItemGroup>
  <ItemGroup>
    <None Include="ReadMe.txt" />
  </ItemGroup>
  <ItemGroup>
    <Filter Include="ManufacturerSettings">
      <UniqueIdentifier>{f38c56f3-52f6-444e-8968-16311ef4018f}</UniqueIdentifier>
    </Filter>
    <Filter Include="Header Files">
      <UniqueIdentifier>{49648668-0ce3-4ec4-aad6-fc235f1b4fa5}</UniqueIdentifier>
    </Filter>
    <Filter Include="Source Files">
      <UniqueIdentifier>{97f92070-f2e9-443a-9496-f3bba542f9a5}</UniqueIdentifier>
    </Filter>
    <Filter Include="Object Header Files">
      <UniqueIdentifier>{a53b9b26-ab63-4b41-b20f-2936067053a1}</UniqueIdentifier>
    </Filter>
    <Filter Include="Object Source Files">
      <UniqueIdentifier>{213292fe-2af5-43b1-a64c-cb088c68c8fb}</UniqueIdentifier>
    </Filter>
  </ItemGroup>
</Project>